
Microsoft Visual Studio Solution File, Format Version 12.00
# Visual Studio Version 16
VisualStudioVersion = 16.0.29609.76
MinimumVisualStudioVersion = 10.0.40219.1
Project("{FAE04EC0-301F-11D3-BF4B-00C04F79EFBC}") = "P3-code", "P3-code.csproj", "{14DC68F8-E977-4DB6-9EA9-039140F64E3F}"
EndProject
Global
	GlobalSection(SolutionConfigurationPlatforms) = preSolution
		Debug|Any CPU = Debug|Any CPU
		Release|Any CPU = Release|Any CPU
	EndGlobalSection
	GlobalSection(ProjectConfigurationPlatforms) = postSolution
		{14DC68F8-E977-4DB6-9EA9-039140F64E3F}.Debug|Any CPU.ActiveCfg = Debug|Any CPU
		{14DC68F8-E977-4DB6-9EA9-039140F64E3F}.Debug|Any CPU.Build.0 = Debug|Any CPU
		{14DC68F8-E977-4DB6-9EA9-039140F64E3F}.Release|Any CPU.ActiveCfg = Release|Any CPU
		{14DC68F8-E977-4DB6-9EA9-039140F64E3F}.Release|Any CPU.Build.0 = Release|Any CPU
	EndGlobalSection
	GlobalSection(SolutionProperties) = preSolution
		HideSolutionNode = FALSE
	EndGlobalSection
	GlobalSection(ExtensibilityGlobals) = postSolution
		SolutionGuid = {077C1EE9-E71A-4F27-9D25-026A4268C8BC}
	EndGlobalSection
EndGlobal
